<?xml version="1.0" encoding="UTF-8" standalone="yes" ?>
<CodeBlocks_project_file>
	<FileVersion major="1" minor="6" />
	<Project>
		<Option title="Othello" />
		<Option pch_mode="2" />
		<Option compiler="gcc" />
		<Build>
			<Target title="Debug">
				<Option output="bin/Debug/Othello" prefix_auto="1" extension_auto="1" />
				<Option object_output="obj/Debug/" />
				<Option type="1" />
				<Option compiler="gcc" />
				<Compiler>
					<Add option="-g" />
				</Compiler>
				<Linker>
					<Add library="lib/libSOIL.a" />
				</Linker>
			</Target>
			<Target title="Release">
				<Option output="bin/Release/Othello" prefix_auto="1" extension_auto="1" />
				<Option object_output="obj/Release/" />
				<Option type="1" />
				<Option compiler="gcc" />
				<Compiler>
					<Add option="-O2" />
				</Compiler>
				<Linker>
					<Add option="-s" />
					<Add library="lib/libSOIL.a" />
					<Add library="lib/OpenGL32.Lib" />
				</Linker>
			</Target>
		</Build>
		<Compiler>
			<Add option="-Wall" />
		</Compiler>
		<Unit filename="Board.c">
			<Option compilerVar="CC" />
		</Unit>
		<Unit filename="Board.h" />
		<Unit filename="Computer.c">
			<Option compilerVar="CC" />
		</Unit>
		<Unit filename="Computer.h" />
		<Unit filename="GL/freeglut.h" />
		<Unit filename="GL/freeglut_ext.h" />
		<Unit filename="GL/freeglut_std.h" />
		<Unit filename="GL/glut.h" />
		<Unit filename="List.c">
			<Option compilerVar="CC" />
		</Unit>
		<Unit filename="List.h" />
		<Unit filename="MiniMax.c">
			<Option compilerVar="CC" />
		</Unit>
		<Unit filename="MiniMax.h" />
		<Unit filename="MultiGame.c">
			<Option compilerVar="CC" />
		</Unit>
		<Unit filename="MultiGame.h" />
		<Unit filename="Turn.c">
			<Option compilerVar="CC" />
		</Unit>
		<Unit filename="Turn.h" />
		<Unit filename="othello.c">
			<Option compilerVar="CC" />
		</Unit>
		<Extensions>
			<code_completion />
			<envvars />
			<debugger />
			<lib_finder disable_auto="1" />
		</Extensions>
	</Project>
</CodeBlocks_project_file>
